
Microsoft Visual Studio Solution File, Format Version 12.00
# Visual Studio Version 16
VisualStudioVersion = 16.0.28922.388
MinimumVisualStudioVersion = 10.0.40219.1
Project("{FAE04EC0-301F-11D3-BF4B-00C04F79EFBC}") = "TMOS_Romhack", "TMOS_Romhack.csproj", "{141820F1-7FB7-4198-88D2-EB2FFBA072DC}"
EndProject
Global
	GlobalSection(SolutionConfigurationPlatforms) = preSolution
		Debug|Any CPU = Debug|Any CPU
		Release|Any CPU = Release|Any CPU
	EndGlobalSection
	GlobalSection(ProjectConfigurationPlatforms) = postSolution
		{141820F1-7FB7-4198-88D2-EB2FFBA072DC}.Debug|Any CPU.ActiveCfg = Debug|Any CPU
		{141820F1-7FB7-4198-88D2-EB2FFBA072DC}.Debug|Any CPU.Build.0 = Debug|Any CPU
		{141820F1-7FB7-4198-88D2-EB2FFBA072DC}.Release|Any CPU.ActiveCfg = Release|Any CPU
		{141820F1-7FB7-4198-88D2-EB2FFBA072DC}.Release|Any CPU.Build.0 = Release|Any CPU
	EndGlobalSection
	GlobalSection(SolutionProperties) = preSolution
		HideSolutionNode = FALSE
	EndGlobalSection
	GlobalSection(ExtensibilityGlobals) = postSolution
		SolutionGuid = {99483814-D10D-4EF7-A462-024D0E308A80}
	EndGlobalSection
EndGlobal
